
Microsoft Visual Studio Solution File, Format Version 12.00
# Visual Studio 2012
Project("{FAE04EC0-301F-11D3-BF4B-00C04F79EFBC}") = "TalkExample", "TalkExample\TalkExample.csproj", "{A347CCE5-7F07-47F1-AE12-B3F051E658BF}"
EndProject
Global
	GlobalSection(SolutionConfigurationPlatforms) = preSolution
		Debug|Any CPU = Debug|Any CPU
		Release|Any CPU = Release|Any CPU
	EndGlobalSection
	GlobalSection(ProjectConfigurationPlatforms) = postSolution
		{A347CCE5-7F07-47F1-AE12-B3F051E658BF}.Debug|Any CPU.ActiveCfg = Debug|Any CPU
		{A347CCE5-7F07-47F1-AE12-B3F051E658BF}.Debug|Any CPU.Build.0 = Debug|Any CPU
		{A347CCE5-7F07-47F1-AE12-B3F051E658BF}.Release|Any CPU.ActiveCfg = Release|Any CPU
		{A347CCE5-7F07-47F1-AE12-B3F051E658BF}.Release|Any CPU.Build.0 = Release|Any CPU
	EndGlobalSection
EndGlobal
